
Microsoft Visual Studio Solution File, Format Version 12.00
# Visual Studio Version 16
VisualStudioVersion = 16.0.29503.13
MinimumVisualStudioVersion = 10.0.40219.1
Project("{FAE04EC0-301F-11D3-BF4B-00C04F79EFBC}") = "AdminConsole", "AdminConsole\AdminConsole.csproj", "{194D0848-90D5-452B-A5BF-BDEDDD1D0016}"
EndProject
Project("{FAE04EC0-301F-11D3-BF4B-00C04F79EFBC}") = "AdminDatabaseInteractions", "AdminDatabaseInteractions\AdminDatabaseInteractions.csproj", "{C62DAF1C-B93A-424E-B337-A88057593099}"
EndProject
Global
	GlobalSection(SolutionConfigurationPlatforms) = preSolution
		Debug|Any CPU = Debug|Any CPU
		Release|Any CPU = Release|Any CPU
	EndGlobalSection
	GlobalSection(ProjectConfigurationPlatforms) = postSolution
		{194D0848-90D5-452B-A5BF-BDEDDD1D0016}.Debug|Any CPU.ActiveCfg = Debug|Any CPU
		{194D0848-90D5-452B-A5BF-BDEDDD1D0016}.Debug|Any CPU.Build.0 = Debug|Any CPU
		{194D0848-90D5-452B-A5BF-BDEDDD1D0016}.Release|Any CPU.ActiveCfg = Release|Any CPU
		{194D0848-90D5-452B-A5BF-BDEDDD1D0016}.Release|Any CPU.Build.0 = Release|Any CPU
		{C62DAF1C-B93A-424E-B337-A88057593099}.Debug|Any CPU.ActiveCfg = Debug|Any CPU
		{C62DAF1C-B93A-424E-B337-A88057593099}.Debug|Any CPU.Build.0 = Debug|Any CPU
		{C62DAF1C-B93A-424E-B337-A88057593099}.Release|Any CPU.ActiveCfg = Release|Any CPU
		{C62DAF1C-B93A-424E-B337-A88057593099}.Release|Any CPU.Build.0 = Release|Any CPU
	EndGlobalSection
	GlobalSection(SolutionProperties) = preSolution
		HideSolutionNode = FALSE
	EndGlobalSection
	GlobalSection(ExtensibilityGlobals) = postSolution
		SolutionGuid = {176B1477-E067-4FC0-BD17-15B7EA63C0EC}
	EndGlobalSection
EndGlobal
