
Microsoft Visual Studio Solution File, Format Version 12.00
# Visual Studio Version 17
VisualStudioVersion = 17.0.31912.275
MinimumVisualStudioVersion = 10.0.40219.1
Project("{FAE04EC0-301F-11D3-BF4B-00C04F79EFBC}") = "AdminConsole", "AdminConsole\AdminConsole.csproj", "{194D0848-90D5-452B-A5BF-BDEDDD1D0016}"
EndProject
Project("{FAE04EC0-301F-11D3-BF4B-00C04F79EFBC}") = "AdminDatabaseFramework", "AdminDatabaseFramework\AdminDatabaseFramework.csproj", "{FEF3442C-D48A-4CAC-B41C-BA58B63635E8}"
EndProject
Project("{FAE04EC0-301F-11D3-BF4B-00C04F79EFBC}") = "ProfessorSortingTest", "ProfessorSortingTest\ProfessorSortingTest.csproj", "{9FBA3141-6B35-4E03-9A20-BE0B504835BA}"
EndProject
Project("{54435603-DBB4-11D2-8724-00A0C9A8B90C}") = "KioskInstaller", "KioskInstaller\KioskInstaller.vdproj", "{2847E992-7A96-4F86-9AAB-8A4BA33569EE}"
EndProject
Global
	GlobalSection(SolutionConfigurationPlatforms) = preSolution
		Debug|Any CPU = Debug|Any CPU
		Release|Any CPU = Release|Any CPU
	EndGlobalSection
	GlobalSection(ProjectConfigurationPlatforms) = postSolution
		{194D0848-90D5-452B-A5BF-BDEDDD1D0016}.Debug|Any CPU.ActiveCfg = Debug|Any CPU
		{194D0848-90D5-452B-A5BF-BDEDDD1D0016}.Debug|Any CPU.Build.0 = Debug|Any CPU
		{194D0848-90D5-452B-A5BF-BDEDDD1D0016}.Release|Any CPU.ActiveCfg = Release|Any CPU
		{194D0848-90D5-452B-A5BF-BDEDDD1D0016}.Release|Any CPU.Build.0 = Release|Any CPU
		{FEF3442C-D48A-4CAC-B41C-BA58B63635E8}.Debug|Any CPU.ActiveCfg = Debug|Any CPU
		{FEF3442C-D48A-4CAC-B41C-BA58B63635E8}.Debug|Any CPU.Build.0 = Debug|Any CPU
		{FEF3442C-D48A-4CAC-B41C-BA58B63635E8}.Release|Any CPU.ActiveCfg = Release|Any CPU
		{FEF3442C-D48A-4CAC-B41C-BA58B63635E8}.Release|Any CPU.Build.0 = Release|Any CPU
		{9FBA3141-6B35-4E03-9A20-BE0B504835BA}.Debug|Any CPU.ActiveCfg = Debug|Any CPU
		{9FBA3141-6B35-4E03-9A20-BE0B504835BA}.Debug|Any CPU.Build.0 = Debug|Any CPU
		{9FBA3141-6B35-4E03-9A20-BE0B504835BA}.Release|Any CPU.ActiveCfg = Release|Any CPU
		{9FBA3141-6B35-4E03-9A20-BE0B504835BA}.Release|Any CPU.Build.0 = Release|Any CPU
		{2847E992-7A96-4F86-9AAB-8A4BA33569EE}.Debug|Any CPU.ActiveCfg = Debug
		{2847E992-7A96-4F86-9AAB-8A4BA33569EE}.Release|Any CPU.ActiveCfg = Release
	EndGlobalSection
	GlobalSection(SolutionProperties) = preSolution
		HideSolutionNode = FALSE
	EndGlobalSection
	GlobalSection(ExtensibilityGlobals) = postSolution
		SolutionGuid = {176B1477-E067-4FC0-BD17-15B7EA63C0EC}
	EndGlobalSection
EndGlobal
